
Microsoft Visual Studio Solution File, Format Version 12.00
# Visual Studio Version 17
VisualStudioVersion = 17.5.002.0
MinimumVisualStudioVersion = 10.0.40219.1
Project("{9A19103F-16F7-4668-BE54-9A1E7A4F7556}") = "PAII - BlazorWasmNetlify", "PAII - BlazorWasmNetlify.csproj", "{29E498BC-237B-41EB-9FEA-0FD8FA65D394}"
EndProject
Global
	GlobalSection(SolutionConfigurationPlatforms) = preSolution
		Debug|Any CPU = Debug|Any CPU
		Release|Any CPU = Release|Any CPU
	EndGlobalSection
	GlobalSection(ProjectConfigurationPlatforms) = postSolution
		{29E498BC-237B-41EB-9FEA-0FD8FA65D394}.Debug|Any CPU.ActiveCfg = Debug|Any CPU
		{29E498BC-237B-41EB-9FEA-0FD8FA65D394}.Debug|Any CPU.Build.0 = Debug|Any CPU
		{29E498BC-237B-41EB-9FEA-0FD8FA65D394}.Release|Any CPU.ActiveCfg = Release|Any CPU
		{29E498BC-237B-41EB-9FEA-0FD8FA65D394}.Release|Any CPU.Build.0 = Release|Any CPU
	EndGlobalSection
	GlobalSection(SolutionProperties) = preSolution
		HideSolutionNode = FALSE
	EndGlobalSection
	GlobalSection(ExtensibilityGlobals) = postSolution
		SolutionGuid = {4F9363B5-391B-44BF-AEE1-3F0585CBDE51}
	EndGlobalSection
EndGlobal
